
Microsoft Visual Studio Solution File, Format Version 12.00
# Visual Studio Version 17
VisualStudioVersion = 17.6.33815.320
MinimumVisualStudioVersion = 10.0.40219.1
Project("{FAE04EC0-301F-11D3-BF4B-00C04F79EFBC}") = "Unosquare.Hpet.Playground", "Unosquare.Hpet.Playground\Unosquare.Hpet.Playground.csproj", "{8D293C9C-DBDF-4D28-B89C-9D5EC2B680E3}"
EndProject
Project("{FAE04EC0-301F-11D3-BF4B-00C04F79EFBC}") = "Unosquare.Hpet", "Unosquare.Hpet\Unosquare.Hpet.csproj", "{FE102158-EAA9-4BD4-99BA-C7082E05D693}"
EndProject
Global
	GlobalSection(SolutionConfigurationPlatforms) = preSolution
		Debug|Any CPU = Debug|Any CPU
		Release|Any CPU = Release|Any CPU
	EndGlobalSection
	GlobalSection(ProjectConfigurationPlatforms) = postSolution
		{8D293C9C-DBDF-4D28-B89C-9D5EC2B680E3}.Debug|Any CPU.ActiveCfg = Debug|Any CPU
		{8D293C9C-DBDF-4D28-B89C-9D5EC2B680E3}.Debug|Any CPU.Build.0 = Debug|Any CPU
		{8D293C9C-DBDF-4D28-B89C-9D5EC2B680E3}.Release|Any CPU.ActiveCfg = Release|Any CPU
		{8D293C9C-DBDF-4D28-B89C-9D5EC2B680E3}.Release|Any CPU.Build.0 = Release|Any CPU
		{FE102158-EAA9-4BD4-99BA-C7082E05D693}.Debug|Any CPU.ActiveCfg = Debug|Any CPU
		{FE102158-EAA9-4BD4-99BA-C7082E05D693}.Debug|Any CPU.Build.0 = Debug|Any CPU
		{FE102158-EAA9-4BD4-99BA-C7082E05D693}.Release|Any CPU.ActiveCfg = Release|Any CPU
		{FE102158-EAA9-4BD4-99BA-C7082E05D693}.Release|Any CPU.Build.0 = Release|Any CPU
	EndGlobalSection
	GlobalSection(SolutionProperties) = preSolution
		HideSolutionNode = FALSE
	EndGlobalSection
	GlobalSection(ExtensibilityGlobals) = postSolution
		SolutionGuid = {1C46D04B-D6EC-4907-A7DE-8B0A59FBE81B}
	EndGlobalSection
EndGlobal
